// !$*UTF8*$!
{
	archiveVersion = 1;
	classes = {
	};
	objectVersion = 56;
	objects = {

/* Begin PBXBuildFile section */
		18A3EEF92C0762EA00D8591F /* SwiftUI_JNRLApp.swift in Sources */ = {isa = PBXBuildFile; fileRef = 18A3EEF82C0762EA00D8591F /* SwiftUI_JNRLApp.swift */; };
		18A3EEFB2C0762EA00D8591F /* ContentView.swift in Sources */ = {isa = PBXBuildFile; fileRef = 18A3EEFA2C0762EA00D8591F /* ContentView.swift */; };
		18A3EEFD2C0762EC00D8591F /* Assets.xcassets in Resources */ = {isa = PBXBuildFile; fileRef = 18A3EEFC2C0762EC00D8591F /* Assets.xcassets */; };
		18A3EF002C0762EC00D8591F /* Preview Assets.xcassets in Resources */ = {isa = PBXBuildFile; fileRef = 18A3EEFF2C0762EC00D8591F /* Preview Assets.xcassets */; };
		18A3EF072C07674700D8591F /* JournalListView.swift in Sources */ = {isa = PBXBuildFile; fileRef = 18A3EF062C07674700D8591F /* JournalListView.swift */; };
		18A3EF092C07677800D8591F /* MapView.swift in Sources */ = {isa = PBXBuildFile; fileRef = 18A3EF082C07677800D8591F /* MapView.swift */; };
		18A3EF0B2C07681200D8591F /* justTest.swift in Sources */ = {isa = PBXBuildFile; fileRef = 18A3EF0A2C07681200D8591F /* justTest.swift */; };
		18A3EF0D2C07685500D8591F /* AddJournalEntryView.swift in Sources */ = {isa = PBXBuildFile; fileRef = 18A3EF0C2C07685500D8591F /* AddJournalEntryView.swift */; };
		18A3EF0F2C0774B200D8591F /* JournalEntry.swift in Sources */ = {isa = PBXBuildFile; fileRef = 18A3EF0E2C0774B200D8591F /* JournalEntry.swift */; };
/* End PBXBuildFile section */

/* Begin PBXFileReference section */
		18A3EEF52C0762EA00D8591F /* SwiftUI_JNRL.app */ = {isa = PBXFileReference; explicitFileType = wrapper.application; includeInIndex = 0; path = SwiftUI_JNRL.app; sourceTree = BUILT_PRODUCTS_DIR; };
		18A3EEF82C0762EA00D8591F /* SwiftUI_JNRLApp.swift */ = {isa = PBXFileReference; lastKnownFileType = sourcecode.swift; path = SwiftUI_JNRLApp.swift; sourceTree = "<group>"; };
		18A3EEFA2C0762EA00D8591F /* ContentView.swift */ = {isa = PBXFileReference; lastKnownFileType = sourcecode.swift; path = ContentView.swift; sourceTree = "<group>"; };
		18A3EEFC2C0762EC00D8591F /* Assets.xcassets */ = {isa = PBXFileReference; lastKnownFileType = folder.assetcatalog; path = Assets.xcassets; sourceTree = "<group>"; };
		18A3EEFF2C0762EC00D8591F /* Preview Assets.xcassets */ = {isa = PBXFileReference; lastKnownFileType = folder.assetcatalog; path = "Preview Assets.xcassets"; sourceTree = "<group>"; };
		18A3EF062C07674700D8591F /* JournalListView.swift */ = {isa = PBXFileReference; lastKnownFileType = sourcecode.swift; path = JournalListView.swift; sourceTree = "<group>"; };
		18A3EF082C07677800D8591F /* MapView.swift */ = {isa = PBXFileReference; lastKnownFileType = sourcecode.swift; path = MapView.swift; sourceTree = "<group>"; };
		18A3EF0A2C07681200D8591F /* justTest.swift */ = {isa = PBXFileReference; lastKnownFileType = sourcecode.swift; path = justTest.swift; sourceTree = "<group>"; };
		18A3EF0C2C07685500D8591F /* AddJournalEntryView.swift */ = {isa = PBXFileReference; lastKnownFileType = sourcecode.swift; path = AddJournalEntryView.swift; sourceTree = "<group>"; };
		18A3EF0E2C0774B200D8591F /* JournalEntry.swift */ = {isa = PBXFileReference; lastKnownFileType = sourcecode.swift; path = JournalEntry.swift; sourceTree = "<group>"; };
/* End PBXFileReference section */

/* Begin PBXFrameworksBuildPhase section */
		18A3EEF22C0762EA00D8591F /* Frameworks */ = {
			isa = PBXFrameworksBuildPhase;
			buildActionMask = 2147483647;
			files = (
			);
			runOnlyForDeploymentPostprocessing = 0;
		};
/* End PBXFrameworksBuildPhase section */

/* Begin PBXGroup section */
		18A3EEEC2C0762EA00D8591F = {
			isa = PBXGroup;
			children = (
				18A3EEF72C0762EA00D8591F /* SwiftUI_JNRL */,
				18A3EEF62C0762EA00D8591F /* Products */,
			);
			sourceTree = "<group>";
		};
		18A3EEF62C0762EA00D8591F /* Products */ = {
			isa = PBXGroup;
			children = (
				18A3EEF52C0762EA00D8591F /* SwiftUI_JNRL.app */,
			);
			name = Products;
			sourceTree = "<group>";
		};
		18A3EEF72C0762EA00D8591F /* SwiftUI_JNRL */ = {
			isa = PBXGroup;
			children = (
				18A3EEF82C0762EA00D8591F /* SwiftUI_JNRLApp.swift */,
				18A3EEFA2C0762EA00D8591F /* ContentView.swift */,
				18A3EF062C07674700D8591F /* JournalListView.swift */,
				18A3EF0C2C07685500D8591F /* AddJournalEntryView.swift */,
				18A3EF082C07677800D8591F /* MapView.swift */,
				18A3EF0E2C0774B200D8591F /* JournalEntry.swift */,
				18A3EEFC2C0762EC00D8591F /* Assets.xcassets */,
				18A3EEFE2C0762EC00D8591F /* Preview Content */,
				18A3EF0A2C07681200D8591F /* justTest.swift */,
			);
			path = SwiftUI_JNRL;
			sourceTree = "<group>";
		};
		18A3EEFE2C0762EC00D8591F /* Preview Content */ = {
			isa = PBXGroup;
			children = (
				18A3EEFF2C0762EC00D8591F /* Preview Assets.xcassets */,
			);
			path = "Preview Content";
			sourceTree = "<group>";
		};
/* End PBXGroup section */

/* Begin PBXNativeTarget section */
		18A3EEF42C0762EA00D8591F /* SwiftUI_JNRL */ = {
			isa = PBXNativeTarget;
			buildConfigurationList = 18A3EF032C0762EC00D8591F /* Build configuration list for PBXNativeTarget "SwiftUI_JNRL" */;
			buildPhases = (
				18A3EEF12C0762EA00D8591F /* Sources */,
				18A3EEF22C0762EA00D8591F /* Frameworks */,
				18A3EEF32C0762EA00D8591F /* Resources */,
			);
			buildRules = (
			);
			dependencies = (
			);
			name = SwiftUI_JNRL;
			productName = SwiftUI_JNRL;
			productReference = 18A3EEF52C0762EA00D8591F /* SwiftUI_JNRL.app */;
			productType = "com.apple.product-type.application";
		};
/* End PBXNativeTarget section */

/* Begin PBXProject section */
		18A3EEED2C0762EA00D8591F /* Project object */ = {
			isa = PBXProject;
			attributes = {
				BuildIndependentTargetsInParallel = 1;
				LastSwiftUpdateCheck = 1530;
				LastUpgradeCheck = 1530;
				TargetAttributes = {
					18A3EEF42C0762EA00D8591F = {
						CreatedOnToolsVersion = 15.3;
					};
				};
			};
			buildConfigurationList = 18A3EEF02C0762EA00D8591F /* Build configuration list for PBXProject "SwiftUI_JNRL" */;
			compatibilityVersion = "Xcode 14.0";
			developmentRegion = en;
			hasScannedForEncodings = 0;
			knownRegions = (
				en,
				Base,
			);
			mainGroup = 18A3EEEC2C0762EA00D8591F;
			productRefGroup = 18A3EEF62C0762EA00D8591F /* Products */;
			projectDirPath = "";
			projectRoot = "";
			targets = (
				18A3EEF42C0762EA00D8591F /* SwiftUI_JNRL */,
			);
		};
/* End PBXProject section */

/* Begin PBXResourcesBuildPhase section */
		18A3EEF32C0762EA00D8591F /* Resources */ = {
			isa = PBXResourcesBuildPhase;
			buildActionMask = 2147483647;
			files = (
				18A3EF002C0762EC00D8591F /* Preview Assets.xcassets in Resources */,
				18A3EEFD2C0762EC00D8591F /* Assets.xcassets in Resources */,
			);
			runOnlyForDeploymentPostprocessing = 0;
		};
/* End PBXResourcesBuildPhase section */

/* Begin PBXSourcesBuildPhase section */
		18A3EEF12C0762EA00D8591F /* Sources */ = {
			isa = PBXSourcesBuildPhase;
			buildActionMask = 2147483647;
			files = (
				18A3EF0B2C07681200D8591F /* justTest.swift in Sources */,
				18A3EF072C07674700D8591F /* JournalListView.swift in Sources */,
				18A3EF092C07677800D8591F /* MapView.swift in Sources */,
				18A3EEFB2C0762EA00D8591F /* ContentView.swift in Sources */,
				18A3EF0D2C07685500D8591F /* AddJournalEntryView.swift in Sources */,
				18A3EF0F2C0774B200D8591F /* JournalEntry.swift in Sources */,
				18A3EEF92C0762EA00D8591F /* SwiftUI_JNRLApp.swift in Sources */,
			);
			runOnlyForDeploymentPostprocessing = 0;
		};
/* End PBXSourcesBuildPhase section */

/* Begin XCBuildConfiguration section */
		18A3EF012C0762EC00D8591F /* Debug */ = {
			isa = XCBuildConfiguration;
			buildSettings = {
				ALWAYS_SEARCH_USER_PATHS = NO;
				ASSETCATALOG_COMPILER_GENERATE_SWIFT_ASSET_SYMBOL_EXTENSIONS = YES;
				CLANG_ANALYZER_NONNULL = YES;
				CLANG_ANALYZER_NUMBER_OBJECT_CONVERSION = YES_AGGRESSIVE;
				CLANG_CXX_LANGUAGE_STANDARD = "gnu++20";
				CLANG_ENABLE_MODULES = YES;
				CLANG_ENABLE_OBJC_ARC = YES;
				CLANG_ENABLE_OBJC_WEAK = YES;
				CLANG_WARN_BLOCK_CAPTURE_AUTORELEASING = YES;
				CLANG_WARN_BOOL_CONVERSION = YES;
				CLANG_WARN_COMMA = YES;
				CLANG_WARN_CONSTANT_CONVERSION = YES;
				CLANG_WARN_DEPRECATED_OBJC_IMPLEMENTATIONS = YES;
				CLANG_WARN_DIRECT_OBJC_ISA_USAGE = YES_ERROR;
				CLANG_WARN_DOCUMENTATION_COMMENTS = YES;
				CLANG_WARN_EMPTY_BODY = YES;
				CLANG_WARN_ENUM_CONVERSION = YES;
				CLANG_WARN_INFINITE_RECURSION = YES;
				CLANG_WARN_INT_CONVERSION = YES;
				CLANG_WARN_NON_LITERAL_NULL_CONVERSION = YES;
				CLANG_WARN_OBJC_IMPLICIT_RETAIN_SELF = YES;
				CLANG_WARN_OBJC_LITERAL_CONVERSION = YES;
				CLANG_WARN_OBJC_ROOT_CLASS = YES_ERROR;
				CLANG_WARN_QUOTED_INCLUDE_IN_FRAMEWORK_HEADER = YES;
				CLANG_WARN_RANGE_LOOP_ANALYSIS = YES;
				CLANG_WARN_STRICT_PROTOTYPES = YES;
				CLANG_WARN_SUSPICIOUS_MOVE = YES;
				CLANG_WARN_UNGUARDED_AVAILABILITY = YES_AGGRESSIVE;
				CLANG_WARN_UNREACHABLE_CODE = YES;
				CLANG_WARN__DUPLICATE_METHOD_MATCH = YES;
				COPY_PHASE_STRIP = NO;
				DEBUG_INFORMATION_FORMAT = dwarf;
				ENABLE_STRICT_OBJC_MSGSEND = YES;
				ENABLE_TESTABILITY = YES;
				ENABLE_USER_SCRIPT_SANDBOXING = YES;
				GCC_C_LANGUAGE_STANDARD = gnu17;
				GCC_DYNAMIC_NO_PIC = NO;
				GCC_NO_COMMON_BLOCKS = YES;
				GCC_OPTIMIZATION_LEVEL = 0;
				GCC_PREPROCESSOR_DEFINITIONS = (
					"DEBUG=1",
					"$(inherited)",
				);
				GCC_WARN_64_TO_32_BIT_CONVERSION = YES;
				GCC_WARN_ABOUT_RETURN_TYPE = YES_ERROR;
				GCC_WARN_UNDECLARED_SELECTOR = YES;
				GCC_WARN_UNINITIALIZED_AUTOS = YES_AGGRESSIVE;
				GCC_WARN_UNUSED_FUNCTION = YES;
				GCC_WARN_UNUSED_VARIABLE = YES;
				IPHONEOS_DEPLOYMENT_TARGET = 17.4;
				LOCALIZATION_PREFERS_STRING_CATALOGS = YES;
				MTL_ENABLE_DEBUG_INFO = INCLUDE_SOURCE;
				MTL_FAST_MATH = YES;
				ONLY_ACTIVE_ARCH = YES;
				SDKROOT = iphoneos;
				SWIFT_ACTIVE_COMPILATION_CONDITIONS = "DEBUG $(inherited)";
				SWIFT_OPTIMIZATION_LEVEL = "-Onone";
			};
			name = Debug;
		};
		18A3EF022C0762EC00D8591F /* Release */ = {
			isa = XCBuildConfiguration;
			buildSettings = {
				ALWAYS_SEARCH_USER_PATHS = NO;
				ASSETCATALOG_COMPILER_GENERATE_SWIFT_ASSET_SYMBOL_EXTENSIONS = YES;
				CLANG_ANALYZER_NONNULL = YES;
				CLANG_ANALYZER_NUMBER_OBJECT_CONVERSION = YES_AGGRESSIVE;
				CLANG_CXX_LANGUAGE_STANDARD = "gnu++20";
				CLANG_ENABLE_MODULES = YES;
				CLANG_ENABLE_OBJC_ARC = YES;
				CLANG_ENABLE_OBJC_WEAK = YES;
				CLANG_WARN_BLOCK_CAPTURE_AUTORELEASING = YES;
				CLANG_WARN_BOOL_CONVERSION = YES;
				CLANG_WARN_COMMA = YES;
				CLANG_WARN_CONSTANT_CONVERSION = YES;
				CLANG_WARN_DEPRECATED_OBJC_IMPLEMENTATIONS = YES;
				CLANG_WARN_DIRECT_OBJC_ISA_USAGE = YES_ERROR;
				CLANG_WARN_DOCUMENTATION_COMMENTS = YES;
				CLANG_WARN_EMPTY_BODY = YES;
				CLANG_WARN_ENUM_CONVERSION = YES;
				CLANG_WARN_INFINITE_RECURSION = YES;
				CLANG_WARN_INT_CONVERSION = YES;
				CLANG_WARN_NON_LITERAL_NULL_CONVERSION = YES;
				CLANG_WARN_OBJC_IMPLICIT_RETAIN_SELF = YES;
				CLANG_WARN_OBJC_LITERAL_CONVERSION = YES;
				CLANG_WARN_OBJC_ROOT_CLASS = YES_ERROR;
				CLANG_WARN_QUOTED_INCLUDE_IN_FRAMEWORK_HEADER = YES;
				CLANG_WARN_RANGE_LOOP_ANALYSIS = YES;
				CLANG_WARN_STRICT_PROTOTYPES = YES;
				CLANG_WARN_SUSPICIOUS_MOVE = YES;
				CLANG_WARN_UNGUARDED_AVAILABILITY = YES_AGGRESSIVE;
				CLANG_WARN_UNREACHABLE_CODE = YES;
				CLANG_WARN__DUPLICATE_METHOD_MATCH = YES;
				COPY_PHASE_STRIP = NO;
				DEBUG_INFORMATION_FORMAT = "dwarf-with-dsym";
				ENABLE_NS_ASSERTIONS = NO;
				ENABLE_STRICT_OBJC_MSGSEND = YES;
				ENABLE_USER_SCRIPT_SANDBOXING = YES;
				GCC_C_LANGUAGE_STANDARD = gnu17;
				GCC_NO_COMMON_BLOCKS = YES;
				GCC_WARN_64_TO_32_BIT_CONVERSION = YES;
				GCC_WARN_ABOUT_RETURN_TYPE = YES_ERROR;
				GCC_WARN_UNDECLARED_SELECTOR = YES;
				GCC_WARN_UNINITIALIZED_AUTOS = YES_AGGRESSIVE;
				GCC_WARN_UNUSED_FUNCTION = YES;
				GCC_WARN_UNUSED_VARIABLE = YES;
				IPHONEOS_DEPLOYMENT_TARGET = 17.4;
				LOCALIZATION_PREFERS_STRING_CATALOGS = YES;
				MTL_ENABLE_DEBUG_INFO = NO;
				MTL_FAST_MATH = YES;
				SDKROOT = iphoneos;
				SWIFT_COMPILATION_MODE = wholemodule;
				VALIDATE_PRODUCT = YES;
			};
			name = Release;
		};
		18A3EF042C0762EC00D8591F /* Debug */ = {
			isa = XCBuildConfiguration;
			buildSettings = {
				ASSETCATALOG_COMPILER_APPICON_NAME = AppIcon;
				ASSETCATALOG_COMPILER_GLOBAL_ACCENT_COLOR_NAME = AccentColor;
				CODE_SIGN_STYLE = Automatic;
				CURRENT_PROJECT_VERSION = 1;
				DEVELOPMENT_ASSET_PATHS = "\"SwiftUI_JNRL/Preview Content\"";
				ENABLE_PREVIEWS = YES;
				GENERATE_INFOPLIST_FILE = YES;
				INFOPLIST_KEY_NSLocationAlwaysAndWhenInUseUsageDescription = "항상 위치를 받아옵니다.";
				INFOPLIST_KEY_NSLocationWhenInUseUsageDescription = "사용할 때 위치를 받아옵니다.";
				INFOPLIST_KEY_UIApplicationSceneManifest_Generation = YES;
				INFOPLIST_KEY_UIApplicationSupportsIndirectInputEvents = YES;
				INFOPLIST_KEY_UILaunchScreen_Generation = YES;
				INFOPLIST_KEY_UISupportedInterfaceOrientations_iPad = "UIInterfaceOrientationPortrait UIInterfaceOrientationPortraitUpsideDown UIInterfaceOrientationLandscapeLeft UIInterfaceOrientationLandscapeRight";
				INFOPLIST_KEY_UISupportedInterfaceOrientations_iPhone = "UIInterfaceOrientationPortrait UIInterfaceOrientationLandscapeLeft UIInterfaceOrientationLandscapeRight";
				LD_RUNPATH_SEARCH_PATHS = (
					"$(inherited)",
					"@executable_path/Frameworks",
				);
				MARKETING_VERSION = 1.0;
				PRODUCT_BUNDLE_IDENTIFIER = "kr.co.wnyl.SwiftUI-JNRL";
				PRODUCT_NAME = "$(TARGET_NAME)";
				SWIFT_EMIT_LOC_STRINGS = YES;
				SWIFT_VERSION = 5.0;
				TARGETED_DEVICE_FAMILY = "1,2";
			};
			name = Debug;
		};
		18A3EF052C0762EC00D8591F /* Release */ = {
			isa = XCBuildConfiguration;
			buildSettings = {
				ASSETCATALOG_COMPILER_APPICON_NAME = AppIcon;
				ASSETCATALOG_COMPILER_GLOBAL_ACCENT_COLOR_NAME = AccentColor;
				CODE_SIGN_STYLE = Automatic;
				CURRENT_PROJECT_VERSION = 1;
				DEVELOPMENT_ASSET_PATHS = "\"SwiftUI_JNRL/Preview Content\"";
				ENABLE_PREVIEWS = YES;
				GENERATE_INFOPLIST_FILE = YES;
				INFOPLIST_KEY_NSLocationAlwaysAndWhenInUseUsageDescription = "항상 위치를 받아옵니다.";
				INFOPLIST_KEY_NSLocationWhenInUseUsageDescription = "사용할 때 위치를 받아옵니다.";
				INFOPLIST_KEY_UIApplicationSceneManifest_Generation = YES;
				INFOPLIST_KEY_UIApplicationSupportsIndirectInputEvents = YES;
				INFOPLIST_KEY_UILaunchScreen_Generation = YES;
				INFOPLIST_KEY_UISupportedInterfaceOrientations_iPad = "UIInterfaceOrientationPortrait UIInterfaceOrientationPortraitUpsideDown UIInterfaceOrientationLandscapeLeft UIInterfaceOrientationLandscapeRight";
				INFOPLIST_KEY_UISupportedInterfaceOrientations_iPhone = "UIInterfaceOrientationPortrait UIInterfaceOrientationLandscapeLeft UIInterfaceOrientationLandscapeRight";
				LD_RUNPATH_SEARCH_PATHS = (
					"$(inherited)",
					"@executable_path/Frameworks",
				);
				MARKETING_VERSION = 1.0;
				PRODUCT_BUNDLE_IDENTIFIER = "kr.co.wnyl.SwiftUI-JNRL";
				PRODUCT_NAME = "$(TARGET_NAME)";
				SWIFT_EMIT_LOC_STRINGS = YES;
				SWIFT_VERSION = 5.0;
				TARGETED_DEVICE_FAMILY = "1,2";
			};
			name = Release;
		};
/* End XCBuildConfiguration section */

/* Begin XCConfigurationList section */
		18A3EEF02C0762EA00D8591F /* Build configuration list for PBXProject "SwiftUI_JNRL" */ = {
			isa = XCConfigurationList;
			buildConfigurations = (
				18A3EF012C0762EC00D8591F /* Debug */,
				18A3EF022C0762EC00D8591F /* Release */,
			);
			defaultConfigurationIsVisible = 0;
			defaultConfigurationName = Release;
		};
		18A3EF032C0762EC00D8591F /* Build configuration list for PBXNativeTarget "SwiftUI_JNRL" */ = {
			isa = XCConfigurationList;
			buildConfigurations = (
				18A3EF042C0762EC00D8591F /* Debug */,
				18A3EF052C0762EC00D8591F /* Release */,
			);
			defaultConfigurationIsVisible = 0;
			defaultConfigurationName = Release;
		};
/* End XCConfigurationList section */
	};
	rootObject = 18A3EEED2C0762EA00D8591F /* Project object */;
}
